
Microsoft Visual Studio Solution File, Format Version 12.00
# Visual Studio Version 17
VisualStudioVersion = 17.5.002.0
MinimumVisualStudioVersion = 10.0.40219.1
Project("{9A19103F-16F7-4668-BE54-9A1E7A4F7556}") = "Documents", "Documents.csproj", "{219CA7EA-1538-4603-950B-53CCB837B270}"
EndProject
Global
	GlobalSection(SolutionConfigurationPlatforms) = preSolution
		Debug|Any CPU = Debug|Any CPU
		Release|Any CPU = Release|Any CPU
	EndGlobalSection
	GlobalSection(ProjectConfigurationPlatforms) = postSolution
		{219CA7EA-1538-4603-950B-53CCB837B270}.Debug|Any CPU.ActiveCfg = Debug|Any CPU
		{219CA7EA-1538-4603-950B-53CCB837B270}.Debug|Any CPU.Build.0 = Debug|Any CPU
		{219CA7EA-1538-4603-950B-53CCB837B270}.Release|Any CPU.ActiveCfg = Release|Any CPU
		{219CA7EA-1538-4603-950B-53CCB837B270}.Release|Any CPU.Build.0 = Release|Any CPU
	EndGlobalSection
	GlobalSection(SolutionProperties) = preSolution
		HideSolutionNode = FALSE
	EndGlobalSection
	GlobalSection(ExtensibilityGlobals) = postSolution
		SolutionGuid = {15449C3B-7E9D-47CC-86E6-E3F9D6345A1C}
	EndGlobalSection
EndGlobal
